
Microsoft Visual Studio Solution File, Format Version 12.00
# Visual Studio Version 17
VisualStudioVersion = 17.13.35806.99
MinimumVisualStudioVersion = 10.0.40219.1
Project("{FAE04EC0-301F-11D3-BF4B-00C04F79EFBC}") = "Weather.Domain", "Weather.Domain\Weather.Domain.csproj", "{86866446-4840-4AEC-90FE-AE06F0BEF542}"
EndProject
Project("{FAE04EC0-301F-11D3-BF4B-00C04F79EFBC}") = "Weather.Persistance", "Weather.Persistance\Weather.Persistance.csproj", "{A7055B12-DCF1-4799-93B7-62FAE7049953}"
EndProject
Project("{54A90642-561A-4BB1-A94E-469ADEE60C69}") = "weather.client", "Weather\weather.client\weather.client.esproj", "{2FCDA949-997C-27A6-AE2B-285D596BFC4B}"
EndProject
Project("{FAE04EC0-301F-11D3-BF4B-00C04F79EFBC}") = "Weather.Server", "Weather\Weather.Server\Weather.Server.csproj", "{D3CD6B56-FA7D-4071-A3E7-B468E65D0E15}"
EndProject
Global
	GlobalSection(SolutionConfigurationPlatforms) = preSolution
		Debug|Any CPU = Debug|Any CPU
		Release|Any CPU = Release|Any CPU
	EndGlobalSection
	GlobalSection(ProjectConfigurationPlatforms) = postSolution
		{86866446-4840-4AEC-90FE-AE06F0BEF542}.Debug|Any CPU.ActiveCfg = Debug|Any CPU
		{86866446-4840-4AEC-90FE-AE06F0BEF542}.Debug|Any CPU.Build.0 = Debug|Any CPU
		{86866446-4840-4AEC-90FE-AE06F0BEF542}.Release|Any CPU.ActiveCfg = Release|Any CPU
		{86866446-4840-4AEC-90FE-AE06F0BEF542}.Release|Any CPU.Build.0 = Release|Any CPU
		{A7055B12-DCF1-4799-93B7-62FAE7049953}.Debug|Any CPU.ActiveCfg = Debug|Any CPU
		{A7055B12-DCF1-4799-93B7-62FAE7049953}.Debug|Any CPU.Build.0 = Debug|Any CPU
		{A7055B12-DCF1-4799-93B7-62FAE7049953}.Release|Any CPU.ActiveCfg = Release|Any CPU
		{A7055B12-DCF1-4799-93B7-62FAE7049953}.Release|Any CPU.Build.0 = Release|Any CPU
		{2FCDA949-997C-27A6-AE2B-285D596BFC4B}.Debug|Any CPU.ActiveCfg = Debug|Any CPU
		{2FCDA949-997C-27A6-AE2B-285D596BFC4B}.Debug|Any CPU.Build.0 = Debug|Any CPU
		{2FCDA949-997C-27A6-AE2B-285D596BFC4B}.Debug|Any CPU.Deploy.0 = Debug|Any CPU
		{2FCDA949-997C-27A6-AE2B-285D596BFC4B}.Release|Any CPU.ActiveCfg = Release|Any CPU
		{2FCDA949-997C-27A6-AE2B-285D596BFC4B}.Release|Any CPU.Build.0 = Release|Any CPU
		{2FCDA949-997C-27A6-AE2B-285D596BFC4B}.Release|Any CPU.Deploy.0 = Release|Any CPU
		{D3CD6B56-FA7D-4071-A3E7-B468E65D0E15}.Debug|Any CPU.ActiveCfg = Debug|Any CPU
		{D3CD6B56-FA7D-4071-A3E7-B468E65D0E15}.Debug|Any CPU.Build.0 = Debug|Any CPU
		{D3CD6B56-FA7D-4071-A3E7-B468E65D0E15}.Release|Any CPU.ActiveCfg = Release|Any CPU
		{D3CD6B56-FA7D-4071-A3E7-B468E65D0E15}.Release|Any CPU.Build.0 = Release|Any CPU
	EndGlobalSection
	GlobalSection(SolutionProperties) = preSolution
		HideSolutionNode = FALSE
	EndGlobalSection
	GlobalSection(ExtensibilityGlobals) = postSolution
		SolutionGuid = {4809D03E-0F6C-44D6-A2A9-B981AA82D479}
	EndGlobalSection
EndGlobal
